// !$*UTF8*$!
{
	archiveVersion = 1;
	classes = {
	};
	objectVersion = 48;
	objects = {

/* Begin PBXBuildFile section */
		DADC19E02056B012004251D2 /* Assets.xcassets in Resources */ = {isa = PBXBuildFile; fileRef = DADC19DF2056B012004251D2 /* Assets.xcassets */; };
		DADC19E72056B012004251D2 /* videotest MessagesExtension.appex in Embed App Extensions */ = {isa = PBXBuildFile; fileRef = DADC19E62056B012004251D2 /* videotest MessagesExtension.appex */; settings = {ATTRIBUTES = (RemoveHeadersOnCopy, ); }; };
		DADC19EC2056B012004251D2 /* Messages.framework in Frameworks */ = {isa = PBXBuildFile; fileRef = DADC19EB2056B012004251D2 /* Messages.framework */; };
		DADC19EF2056B012004251D2 /* MessagesViewController.swift in Sources */ = {isa = PBXBuildFile; fileRef = DADC19EE2056B012004251D2 /* MessagesViewController.swift */; };
		DADC19F22056B012004251D2 /* MainInterface.storyboard in Resources */ = {isa = PBXBuildFile; fileRef = DADC19F02056B012004251D2 /* MainInterface.storyboard */; };
		DADC19F42056B012004251D2 /* Assets.xcassets in Resources */ = {isa = PBXBuildFile; fileRef = DADC19F32056B012004251D2 /* Assets.xcassets */; };
		DADEE5CE2057CA0000750DA3 /* SampleVideo.MP4 in Resources */ = {isa = PBXBuildFile; fileRef = DADEE5CD2057CA0000750DA3 /* SampleVideo.MP4 */; };
/* End PBXBuildFile section */

/* Begin PBXContainerItemProxy section */
		DADC19E82056B012004251D2 /* PBXContainerItemProxy */ = {
			isa = PBXContainerItemProxy;
			containerPortal = DADC19D62056B012004251D2 /* Project object */;
			proxyType = 1;
			remoteGlobalIDString = DADC19E52056B012004251D2;
			remoteInfo = "videotest MessagesExtension";
		};
/* End PBXContainerItemProxy section */

/* Begin PBXCopyFilesBuildPhase section */
		DADC19FB2056B012004251D2 /* Embed App Extensions */ = {
			isa = PBXCopyFilesBuildPhase;
			buildActionMask = 2147483647;
			dstPath = "";
			dstSubfolderSpec = 13;
			files = (
				DADC19E72056B012004251D2 /* videotest MessagesExtension.appex in Embed App Extensions */,
			);
			name = "Embed App Extensions";
			runOnlyForDeploymentPostprocessing = 0;
		};
/* End PBXCopyFilesBuildPhase section */

/* Begin PBXFileReference section */
		DADC19DC2056B012004251D2 /* videotest.app */ = {isa = PBXFileReference; explicitFileType = wrapper.application; includeInIndex = 0; path = videotest.app; sourceTree = BUILT_PRODUCTS_DIR; };
		DADC19DF2056B012004251D2 /* Assets.xcassets */ = {isa = PBXFileReference; lastKnownFileType = folder.assetcatalog; path = Assets.xcassets; sourceTree = "<group>"; };
		DADC19E12056B012004251D2 /* Info.plist */ = {isa = PBXFileReference; lastKnownFileType = text.plist.xml; path = Info.plist; sourceTree = "<group>"; };
		DADC19E62056B012004251D2 /* videotest MessagesExtension.appex */ = {isa = PBXFileReference; explicitFileType = "wrapper.app-extension"; includeInIndex = 0; path = "videotest MessagesExtension.appex"; sourceTree = BUILT_PRODUCTS_DIR; };
		DADC19EB2056B012004251D2 /* Messages.framework */ = {isa = PBXFileReference; lastKnownFileType = wrapper.framework; name = Messages.framework; path = System/Library/Frameworks/Messages.framework; sourceTree = SDKROOT; };
		DADC19EE2056B012004251D2 /* MessagesViewController.swift */ = {isa = PBXFileReference; lastKnownFileType = sourcecode.swift; path = MessagesViewController.swift; sourceTree = "<group>"; };
		DADC19F12056B012004251D2 /* Base */ = {isa = PBXFileReference; lastKnownFileType = file.storyboard; name = Base; path = Base.lproj/MainInterface.storyboard; sourceTree = "<group>"; };
		DADC19F32056B012004251D2 /* Assets.xcassets */ = {isa = PBXFileReference; lastKnownFileType = folder.assetcatalog; path = Assets.xcassets; sourceTree = "<group>"; };
		DADC19F52056B012004251D2 /* Info.plist */ = {isa = PBXFileReference; lastKnownFileType = text.plist.xml; path = Info.plist; sourceTree = "<group>"; };
		DADEE5CD2057CA0000750DA3 /* SampleVideo.MP4 */ = {isa = PBXFileReference; lastKnownFileType = file; path = SampleVideo.MP4; sourceTree = SOURCE_ROOT; };
/* End PBXFileReference section */

/* Begin PBXFrameworksBuildPhase section */
		DADC19E32056B012004251D2 /* Frameworks */ = {
			isa = PBXFrameworksBuildPhase;
			buildActionMask = 2147483647;
			files = (
				DADC19EC2056B012004251D2 /* Messages.framework in Frameworks */,
			);
			runOnlyForDeploymentPostprocessing = 0;
		};
/* End PBXFrameworksBuildPhase section */

/* Begin PBXGroup section */
		DADC19D52056B012004251D2 = {
			isa = PBXGroup;
			children = (
				DADC19DE2056B012004251D2 /* videotest */,
				DADC19ED2056B012004251D2 /* videotest MessagesExtension */,
				DADC19EA2056B012004251D2 /* Frameworks */,
				DADC19DD2056B012004251D2 /* Products */,
			);
			sourceTree = "<group>";
		};
		DADC19DD2056B012004251D2 /* Products */ = {
			isa = PBXGroup;
			children = (
				DADC19DC2056B012004251D2 /* videotest.app */,
				DADC19E62056B012004251D2 /* videotest MessagesExtension.appex */,
			);
			name = Products;
			sourceTree = "<group>";
		};
		DADC19DE2056B012004251D2 /* videotest */ = {
			isa = PBXGroup;
			children = (
				DADC19DF2056B012004251D2 /* Assets.xcassets */,
				DADC19E12056B012004251D2 /* Info.plist */,
			);
			path = videotest;
			sourceTree = "<group>";
		};
		DADC19EA2056B012004251D2 /* Frameworks */ = {
			isa = PBXGroup;
			children = (
				DADC19EB2056B012004251D2 /* Messages.framework */,
			);
			name = Frameworks;
			sourceTree = "<group>";
		};
		DADC19ED2056B012004251D2 /* videotest MessagesExtension */ = {
			isa = PBXGroup;
			children = (
				DADEE5CD2057CA0000750DA3 /* SampleVideo.MP4 */,
				DADC19EE2056B012004251D2 /* MessagesViewController.swift */,
				DADC19F02056B012004251D2 /* MainInterface.storyboard */,
				DADC19F32056B012004251D2 /* Assets.xcassets */,
				DADC19F52056B012004251D2 /* Info.plist */,
			);
			path = "videotest MessagesExtension";
			sourceTree = "<group>";
		};
/* End PBXGroup section */

/* Begin PBXNativeTarget section */
		DADC19DB2056B012004251D2 /* videotest */ = {
			isa = PBXNativeTarget;
			buildConfigurationList = DADC19FC2056B012004251D2 /* Build configuration list for PBXNativeTarget "videotest" */;
			buildPhases = (
				DADC19DA2056B012004251D2 /* Resources */,
				DADC19FB2056B012004251D2 /* Embed App Extensions */,
			);
			buildRules = (
			);
			dependencies = (
				DADC19E92056B012004251D2 /* PBXTargetDependency */,
			);
			name = videotest;
			productName = videotest;
			productReference = DADC19DC2056B012004251D2 /* videotest.app */;
			productType = "com.apple.product-type.application.messages";
		};
		DADC19E52056B012004251D2 /* videotest MessagesExtension */ = {
			isa = PBXNativeTarget;
			buildConfigurationList = DADC19F82056B012004251D2 /* Build configuration list for PBXNativeTarget "videotest MessagesExtension" */;
			buildPhases = (
				DADC19E22056B012004251D2 /* Sources */,
				DADC19E32056B012004251D2 /* Frameworks */,
				DADC19E42056B012004251D2 /* Resources */,
			);
			buildRules = (
			);
			dependencies = (
			);
			name = "videotest MessagesExtension";
			productName = "videotest MessagesExtension";
			productReference = DADC19E62056B012004251D2 /* videotest MessagesExtension.appex */;
			productType = "com.apple.product-type.app-extension.messages";
		};
/* End PBXNativeTarget section */

/* Begin PBXProject section */
		DADC19D62056B012004251D2 /* Project object */ = {
			isa = PBXProject;
			attributes = {
				LastSwiftUpdateCheck = 0920;
				LastUpgradeCheck = 0920;
				ORGANIZATIONNAME = "Paul Freeman";
				TargetAttributes = {
					DADC19DB2056B012004251D2 = {
						CreatedOnToolsVersion = 9.2;
						ProvisioningStyle = Automatic;
					};
					DADC19E52056B012004251D2 = {
						CreatedOnToolsVersion = 9.2;
						ProvisioningStyle = Automatic;
					};
				};
			};
			buildConfigurationList = DADC19D92056B012004251D2 /* Build configuration list for PBXProject "videotest" */;
			compatibilityVersion = "Xcode 8.0";
			developmentRegion = en;
			hasScannedForEncodings = 0;
			knownRegions = (
				en,
				Base,
			);
			mainGroup = DADC19D52056B012004251D2;
			productRefGroup = DADC19DD2056B012004251D2 /* Products */;
			projectDirPath = "";
			projectRoot = "";
			targets = (
				DADC19DB2056B012004251D2 /* videotest */,
				DADC19E52056B012004251D2 /* videotest MessagesExtension */,
			);
		};
/* End PBXProject section */

/* Begin PBXResourcesBuildPhase section */
		DADC19DA2056B012004251D2 /* Resources */ = {
			isa = PBXResourcesBuildPhase;
			buildActionMask = 2147483647;
			files = (
				DADC19E02056B012004251D2 /* Assets.xcassets in Resources */,
			);
			runOnlyForDeploymentPostprocessing = 0;
		};
		DADC19E42056B012004251D2 /* Resources */ = {
			isa = PBXResourcesBuildPhase;
			buildActionMask = 2147483647;
			files = (
				DADEE5CE2057CA0000750DA3 /* SampleVideo.MP4 in Resources */,
				DADC19F42056B012004251D2 /* Assets.xcassets in Resources */,
				DADC19F22056B012004251D2 /* MainInterface.storyboard in Resources */,
			);
			runOnlyForDeploymentPostprocessing = 0;
		};
/* End PBXResourcesBuildPhase section */

/* Begin PBXSourcesBuildPhase section */
		DADC19E22056B012004251D2 /* Sources */ = {
			isa = PBXSourcesBuildPhase;
			buildActionMask = 2147483647;
			files = (
				DADC19EF2056B012004251D2 /* MessagesViewController.swift in Sources */,
			);
			runOnlyForDeploymentPostprocessing = 0;
		};
/* End PBXSourcesBuildPhase section */

/* Begin PBXTargetDependency section */
		DADC19E92056B012004251D2 /* PBXTargetDependency */ = {
			isa = PBXTargetDependency;
			target = DADC19E52056B012004251D2 /* videotest MessagesExtension */;
			targetProxy = DADC19E82056B012004251D2 /* PBXContainerItemProxy */;
		};
/* End PBXTargetDependency section */

/* Begin PBXVariantGroup section */
		DADC19F02056B012004251D2 /* MainInterface.storyboard */ = {
			isa = PBXVariantGroup;
			children = (
				DADC19F12056B012004251D2 /* Base */,
			);
			name = MainInterface.storyboard;
			sourceTree = "<group>";
		};
/* End PBXVariantGroup section */

/* Begin XCBuildConfiguration section */
		DADC19F62056B012004251D2 /* Debug */ = {
			isa = XCBuildConfiguration;
			buildSettings = {
				ALWAYS_SEARCH_USER_PATHS = NO;
				CLANG_ANALYZER_NONNULL = YES;
				CLANG_ANALYZER_NUMBER_OBJECT_CONVERSION = YES_AGGRESSIVE;
				CLANG_CXX_LANGUAGE_STANDARD = "gnu++14";
				CLANG_CXX_LIBRARY = "libc++";
				CLANG_ENABLE_MODULES = YES;
				CLANG_ENABLE_OBJC_ARC = YES;
				CLANG_WARN_BLOCK_CAPTURE_AUTORELEASING = YES;
				CLANG_WARN_BOOL_CONVERSION = YES;
				CLANG_WARN_COMMA = YES;
				CLANG_WARN_CONSTANT_CONVERSION = YES;
				CLANG_WARN_DIRECT_OBJC_ISA_USAGE = YES_ERROR;
				CLANG_WARN_DOCUMENTATION_COMMENTS = YES;
				CLANG_WARN_EMPTY_BODY = YES;
				CLANG_WARN_ENUM_CONVERSION = YES;
				CLANG_WARN_INFINITE_RECURSION = YES;
				CLANG_WARN_INT_CONVERSION = YES;
				CLANG_WARN_NON_LITERAL_NULL_CONVERSION = YES;
				CLANG_WARN_OBJC_LITERAL_CONVERSION = YES;
				CLANG_WARN_OBJC_ROOT_CLASS = YES_ERROR;
				CLANG_WARN_RANGE_LOOP_ANALYSIS = YES;
				CLANG_WARN_STRICT_PROTOTYPES = YES;
				CLANG_WARN_SUSPICIOUS_MOVE = YES;
				CLANG_WARN_UNGUARDED_AVAILABILITY = YES_AGGRESSIVE;
				CLANG_WARN_UNREACHABLE_CODE = YES;
				CLANG_WARN__DUPLICATE_METHOD_MATCH = YES;
				CODE_SIGN_IDENTITY = "iPhone Developer";
				COPY_PHASE_STRIP = NO;
				DEBUG_INFORMATION_FORMAT = dwarf;
				ENABLE_STRICT_OBJC_MSGSEND = YES;
				ENABLE_TESTABILITY = YES;
				GCC_C_LANGUAGE_STANDARD = gnu11;
				GCC_DYNAMIC_NO_PIC = NO;
				GCC_NO_COMMON_BLOCKS = YES;
				GCC_OPTIMIZATION_LEVEL = 0;
				GCC_PREPROCESSOR_DEFINITIONS = (
					"DEBUG=1",
					"$(inherited)",
				);
				GCC_WARN_64_TO_32_BIT_CONVERSION = YES;
				GCC_WARN_ABOUT_RETURN_TYPE = YES_ERROR;
				GCC_WARN_UNDECLARED_SELECTOR = YES;
				GCC_WARN_UNINITIALIZED_AUTOS = YES_AGGRESSIVE;
				GCC_WARN_UNUSED_FUNCTION = YES;
				GCC_WARN_UNUSED_VARIABLE = YES;
				IPHONEOS_DEPLOYMENT_TARGET = 11.2;
				MTL_ENABLE_DEBUG_INFO = YES;
				ONLY_ACTIVE_ARCH = YES;
				SDKROOT = iphoneos;
				SWIFT_ACTIVE_COMPILATION_CONDITIONS = DEBUG;
				SWIFT_OPTIMIZATION_LEVEL = "-Onone";
			};
			name = Debug;
		};
		DADC19F72056B012004251D2 /* Release */ = {
			isa = XCBuildConfiguration;
			buildSettings = {
				ALWAYS_SEARCH_USER_PATHS = NO;
				CLANG_ANALYZER_NONNULL = YES;
				CLANG_ANALYZER_NUMBER_OBJECT_CONVERSION = YES_AGGRESSIVE;
				CLANG_CXX_LANGUAGE_STANDARD = "gnu++14";
				CLANG_CXX_LIBRARY = "libc++";
				CLANG_ENABLE_MODULES = YES;
				CLANG_ENABLE_OBJC_ARC = YES;
				CLANG_WARN_BLOCK_CAPTURE_AUTORELEASING = YES;
				CLANG_WARN_BOOL_CONVERSION = YES;
				CLANG_WARN_COMMA = YES;
				CLANG_WARN_CONSTANT_CONVERSION = YES;
				CLANG_WARN_DIRECT_OBJC_ISA_USAGE = YES_ERROR;
				CLANG_WARN_DOCUMENTATION_COMMENTS = YES;
				CLANG_WARN_EMPTY_BODY = YES;
				CLANG_WARN_ENUM_CONVERSION = YES;
				CLANG_WARN_INFINITE_RECURSION = YES;
				CLANG_WARN_INT_CONVERSION = YES;
				CLANG_WARN_NON_LITERAL_NULL_CONVERSION = YES;
				CLANG_WARN_OBJC_LITERAL_CONVERSION = YES;
				CLANG_WARN_OBJC_ROOT_CLASS = YES_ERROR;
				CLANG_WARN_RANGE_LOOP_ANALYSIS = YES;
				CLANG_WARN_STRICT_PROTOTYPES = YES;
				CLANG_WARN_SUSPICIOUS_MOVE = YES;
				CLANG_WARN_UNGUARDED_AVAILABILITY = YES_AGGRESSIVE;
				CLANG_WARN_UNREACHABLE_CODE = YES;
				CLANG_WARN__DUPLICATE_METHOD_MATCH = YES;
				CODE_SIGN_IDENTITY = "iPhone Developer";
				COPY_PHASE_STRIP = NO;
				DEBUG_INFORMATION_FORMAT = "dwarf-with-dsym";
				ENABLE_NS_ASSERTIONS = NO;
				ENABLE_STRICT_OBJC_MSGSEND = YES;
				GCC_C_LANGUAGE_STANDARD = gnu11;
				GCC_NO_COMMON_BLOCKS = YES;
				GCC_WARN_64_TO_32_BIT_CONVERSION = YES;
				GCC_WARN_ABOUT_RETURN_TYPE = YES_ERROR;
				GCC_WARN_UNDECLARED_SELECTOR = YES;
				GCC_WARN_UNINITIALIZED_AUTOS = YES_AGGRESSIVE;
				GCC_WARN_UNUSED_FUNCTION = YES;
				GCC_WARN_UNUSED_VARIABLE = YES;
				IPHONEOS_DEPLOYMENT_TARGET = 11.2;
				MTL_ENABLE_DEBUG_INFO = NO;
				SDKROOT = iphoneos;
				SWIFT_OPTIMIZATION_LEVEL = "-Owholemodule";
				VALIDATE_PRODUCT = YES;
			};
			name = Release;
		};
		DADC19F92056B012004251D2 /* Debug */ = {
			isa = XCBuildConfiguration;
			buildSettings = {
				ASSETCATALOG_COMPILER_APPICON_NAME = "iMessage App Icon";
				CODE_SIGN_STYLE = Automatic;
				DEVELOPMENT_TEAM = 8YK5LLH2LY;
				INFOPLIST_FILE = "videotest MessagesExtension/Info.plist";
				LD_RUNPATH_SEARCH_PATHS = "$(inherited) @executable_path/Frameworks @executable_path/../../Frameworks";
				PRODUCT_BUNDLE_IDENTIFIER = com.rocketgarden.videotest.MessagesExtension;
				PRODUCT_NAME = "$(TARGET_NAME)";
				SKIP_INSTALL = YES;
				SWIFT_VERSION = 4.0;
				TARGETED_DEVICE_FAMILY = "1,2";
			};
			name = Debug;
		};
		DADC19FA2056B012004251D2 /* Release */ = {
			isa = XCBuildConfiguration;
			buildSettings = {
				ASSETCATALOG_COMPILER_APPICON_NAME = "iMessage App Icon";
				CODE_SIGN_STYLE = Automatic;
				DEVELOPMENT_TEAM = 8YK5LLH2LY;
				INFOPLIST_FILE = "videotest MessagesExtension/Info.plist";
				LD_RUNPATH_SEARCH_PATHS = "$(inherited) @executable_path/Frameworks @executable_path/../../Frameworks";
				PRODUCT_BUNDLE_IDENTIFIER = com.rocketgarden.videotest.MessagesExtension;
				PRODUCT_NAME = "$(TARGET_NAME)";
				SKIP_INSTALL = YES;
				SWIFT_VERSION = 4.0;
				TARGETED_DEVICE_FAMILY = "1,2";
			};
			name = Release;
		};
		DADC19FD2056B012004251D2 /* Debug */ = {
			isa = XCBuildConfiguration;
			buildSettings = {
				ALWAYS_EMBED_SWIFT_STANDARD_LIBRARIES = YES;
				ASSETCATALOG_COMPILER_APPICON_NAME = AppIcon;
				CODE_SIGN_STYLE = Automatic;
				DEVELOPMENT_TEAM = 8YK5LLH2LY;
				INFOPLIST_FILE = videotest/Info.plist;
				PRODUCT_BUNDLE_IDENTIFIER = com.rocketgarden.videotest;
				PRODUCT_NAME = "$(TARGET_NAME)";
				SWIFT_VERSION = 4.0;
				TARGETED_DEVICE_FAMILY = "1,2";
			};
			name = Debug;
		};
		DADC19FE2056B012004251D2 /* Release */ = {
			isa = XCBuildConfiguration;
			buildSettings = {
				ALWAYS_EMBED_SWIFT_STANDARD_LIBRARIES = YES;
				ASSETCATALOG_COMPILER_APPICON_NAME = AppIcon;
				CODE_SIGN_STYLE = Automatic;
				DEVELOPMENT_TEAM = 8YK5LLH2LY;
				INFOPLIST_FILE = videotest/Info.plist;
				PRODUCT_BUNDLE_IDENTIFIER = com.rocketgarden.videotest;
				PRODUCT_NAME = "$(TARGET_NAME)";
				SWIFT_VERSION = 4.0;
				TARGETED_DEVICE_FAMILY = "1,2";
			};
			name = Release;
		};
/* End XCBuildConfiguration section */

/* Begin XCConfigurationList section */
		DADC19D92056B012004251D2 /* Build configuration list for PBXProject "videotest" */ = {
			isa = XCConfigurationList;
			buildConfigurations = (
				DADC19F62056B012004251D2 /* Debug */,
				DADC19F72056B012004251D2 /* Release */,
			);
			defaultConfigurationIsVisible = 0;
			defaultConfigurationName = Release;
		};
		DADC19F82056B012004251D2 /* Build configuration list for PBXNativeTarget "videotest MessagesExtension" */ = {
			isa = XCConfigurationList;
			buildConfigurations = (
				DADC19F92056B012004251D2 /* Debug */,
				DADC19FA2056B012004251D2 /* Release */,
			);
			defaultConfigurationIsVisible = 0;
			defaultConfigurationName = Release;
		};
		DADC19FC2056B012004251D2 /* Build configuration list for PBXNativeTarget "videotest" */ = {
			isa = XCConfigurationList;
			buildConfigurations = (
				DADC19FD2056B012004251D2 /* Debug */,
				DADC19FE2056B012004251D2 /* Release */,
			);
			defaultConfigurationIsVisible = 0;
			defaultConfigurationName = Release;
		};
/* End XCConfigurationList section */
	};
	rootObject = DADC19D62056B012004251D2 /* Project object */;
}
